
Microsoft Visual Studio Solution File, Format Version 12.00
# Visual Studio Version 17
VisualStudioVersion = 17.7.34031.279
MinimumVisualStudioVersion = 10.0.40219.1
Project("{FAE04EC0-301F-11D3-BF4B-00C04F79EFBC}") = "appFP_CSharp", "appFP_CSharp\appFP_CSharp.csproj", "{5CB7E805-B841-4B40-B983-78B6AC4910D7}"
EndProject
Global
	GlobalSection(SolutionConfigurationPlatforms) = preSolution
		Debug|Any CPU = Debug|Any CPU
		Release|Any CPU = Release|Any CPU
	EndGlobalSection
	GlobalSection(ProjectConfigurationPlatforms) = postSolution
		{5CB7E805-B841-4B40-B983-78B6AC4910D7}.Debug|Any CPU.ActiveCfg = Debug|Any CPU
		{5CB7E805-B841-4B40-B983-78B6AC4910D7}.Debug|Any CPU.Build.0 = Debug|Any CPU
		{5CB7E805-B841-4B40-B983-78B6AC4910D7}.Release|Any CPU.ActiveCfg = Release|Any CPU
		{5CB7E805-B841-4B40-B983-78B6AC4910D7}.Release|Any CPU.Build.0 = Release|Any CPU
	EndGlobalSection
	GlobalSection(SolutionProperties) = preSolution
		HideSolutionNode = FALSE
	EndGlobalSection
	GlobalSection(ExtensibilityGlobals) = postSolution
		SolutionGuid = {4367C7A0-C2C3-4AAE-835C-3E5C31B6C9AF}
	EndGlobalSection
EndGlobal
